
Microsoft Visual Studio Solution File, Format Version 12.00
# Visual Studio Version 16
VisualStudioVersion = 16.0.31321.278
MinimumVisualStudioVersion = 10.0.40219.1
Project("{FAE04EC0-301F-11D3-BF4B-00C04F79EFBC}") = "Qrame.Javascript", "Qrame.Javascript.csproj", "{14123508-054B-4134-9DAC-8414626DFF90}"
EndProject
Global
	GlobalSection(SolutionConfigurationPlatforms) = preSolution
		Debug|Any CPU = Debug|Any CPU
		Release|Any CPU = Release|Any CPU
	EndGlobalSection
	GlobalSection(ProjectConfigurationPlatforms) = postSolution
		{14123508-054B-4134-9DAC-8414626DFF90}.Debug|Any CPU.ActiveCfg = Debug|Any CPU
		{14123508-054B-4134-9DAC-8414626DFF90}.Debug|Any CPU.Build.0 = Debug|Any CPU
		{14123508-054B-4134-9DAC-8414626DFF90}.Release|Any CPU.ActiveCfg = Release|Any CPU
		{14123508-054B-4134-9DAC-8414626DFF90}.Release|Any CPU.Build.0 = Release|Any CPU
	EndGlobalSection
	GlobalSection(SolutionProperties) = preSolution
		HideSolutionNode = FALSE
	EndGlobalSection
	GlobalSection(ExtensibilityGlobals) = postSolution
		SolutionGuid = {13640A6F-8EF8-4798-BA99-F980637042EC}
	EndGlobalSection
EndGlobal
